
Microsoft Visual Studio Solution File, Format Version 12.00
Project("{2150E333-8FDC-42A3-9474-1A3956D46DE8}") = "Services", "Services", "{0F5D117F-77D5-4990-86AB-C43E1039B331}"
EndProject
Project("{2150E333-8FDC-42A3-9474-1A3956D46DE8}") = "ApiGateways", "ApiGateways", "{7A35DE36-2956-47B9-B21C-50F0E7DD4358}"
EndProject
Project("{2150E333-8FDC-42A3-9474-1A3956D46DE8}") = "Core", "Core", "{A90013D0-573D-4E22-8DBD-7593DC9110A5}"
EndProject
Project("{2150E333-8FDC-42A3-9474-1A3956D46DE8}") = "Catalog", "Catalog", "{A1A843BE-8979-4F96-ACA9-28B0B87DAF47}"
EndProject
Project("{FAE04EC0-301F-11D3-BF4B-00C04F79EFBC}") = "Catalog.API", "Services\Catalog\Catalog.API\Catalog.API.csproj", "{51C0F18A-A11F-4C45-8F0D-725005B2BE4B}"
EndProject
Project("{FAE04EC0-301F-11D3-BF4B-00C04F79EFBC}") = "Core", "Core\Core\Core.csproj", "{C4407043-E24D-4F79-9B0F-D38EE8B67A3A}"
EndProject
Project("{2150E333-8FDC-42A3-9474-1A3956D46DE8}") = "Solution Items", "Solution Items", "{6BC92F85-17A7-48D6-ADCF-585A4F90C4D9}"
	ProjectSection(SolutionItems) = preProject
		docker-compose.yml = docker-compose.yml
	EndProjectSection
EndProject
Project("{2150E333-8FDC-42A3-9474-1A3956D46DE8}") = "Basket", "Basket", "{DF9FA05A-093F-46A2-BA05-5592032BA15C}"
EndProject
Project("{FAE04EC0-301F-11D3-BF4B-00C04F79EFBC}") = "Basket.API", "Services\Basket\Basket.API\Basket.API.csproj", "{C05D325A-50D0-4DB5-991C-C2D0E24E3E82}"
EndProject
Global
	GlobalSection(SolutionConfigurationPlatforms) = preSolution
		Debug|Any CPU = Debug|Any CPU
		Release|Any CPU = Release|Any CPU
	EndGlobalSection
	GlobalSection(ProjectConfigurationPlatforms) = postSolution
		{51C0F18A-A11F-4C45-8F0D-725005B2BE4B}.Debug|Any CPU.ActiveCfg = Debug|Any CPU
		{51C0F18A-A11F-4C45-8F0D-725005B2BE4B}.Debug|Any CPU.Build.0 = Debug|Any CPU
		{51C0F18A-A11F-4C45-8F0D-725005B2BE4B}.Release|Any CPU.ActiveCfg = Release|Any CPU
		{51C0F18A-A11F-4C45-8F0D-725005B2BE4B}.Release|Any CPU.Build.0 = Release|Any CPU
		{C4407043-E24D-4F79-9B0F-D38EE8B67A3A}.Debug|Any CPU.ActiveCfg = Debug|Any CPU
		{C4407043-E24D-4F79-9B0F-D38EE8B67A3A}.Debug|Any CPU.Build.0 = Debug|Any CPU
		{C4407043-E24D-4F79-9B0F-D38EE8B67A3A}.Release|Any CPU.ActiveCfg = Release|Any CPU
		{C4407043-E24D-4F79-9B0F-D38EE8B67A3A}.Release|Any CPU.Build.0 = Release|Any CPU
		{C05D325A-50D0-4DB5-991C-C2D0E24E3E82}.Debug|Any CPU.ActiveCfg = Debug|Any CPU
		{C05D325A-50D0-4DB5-991C-C2D0E24E3E82}.Debug|Any CPU.Build.0 = Debug|Any CPU
		{C05D325A-50D0-4DB5-991C-C2D0E24E3E82}.Release|Any CPU.ActiveCfg = Release|Any CPU
		{C05D325A-50D0-4DB5-991C-C2D0E24E3E82}.Release|Any CPU.Build.0 = Release|Any CPU
	EndGlobalSection
	GlobalSection(NestedProjects) = preSolution
		{A1A843BE-8979-4F96-ACA9-28B0B87DAF47} = {0F5D117F-77D5-4990-86AB-C43E1039B331}
		{51C0F18A-A11F-4C45-8F0D-725005B2BE4B} = {A1A843BE-8979-4F96-ACA9-28B0B87DAF47}
		{C4407043-E24D-4F79-9B0F-D38EE8B67A3A} = {A90013D0-573D-4E22-8DBD-7593DC9110A5}
		{DF9FA05A-093F-46A2-BA05-5592032BA15C} = {0F5D117F-77D5-4990-86AB-C43E1039B331}
		{C05D325A-50D0-4DB5-991C-C2D0E24E3E82} = {DF9FA05A-093F-46A2-BA05-5592032BA15C}
	EndGlobalSection
EndGlobal
